{
  "version": 4,
  "terraform_version": "1.7.2",
  "serial": 233,
  "lineage": "a8390c12-5cd1-61de-f4a9-20f5aae0b9f5",
  "outputs": {
    "backendImage": {
      "value": {
        "id": "8043669550478365099",
        "triggers": {
          "key": "f8d223244f508a2ec0272dcf049cd92ed34f892dd53e000e8b78f0941476b0ef"
        }
      },
      "type": [
        "object",
        {
          "id": "string",
          "triggers": [
            "map",
            "string"
          ]
        }
      ]
    },
    "backendTag": {
      "value": "166963536078.dkr.ecr.ap-southeast-2.amazonaws.com/backend-image:f8d223244f508a2ec0272dcf049cd92ed34f892dd53e000e8b78f0941476b0ef",
      "type": "string"
    },
    "domainName": {
      "value": "da5w2x7rhtcyu.cloudfront.net",
      "type": "string"
    },
    "lb": {
      "value": "loadbalancer-926635936.ap-southeast-2.elb.amazonaws.com",
      "type": "string"
    },
    "tag": {
      "value": "f8d223244f508a2ec0272dcf049cd92ed34f892dd53e000e8b78f0941476b0ef",
      "type": "string"
    }
  },
  "resources": [
    {
      "mode": "data",
      "type": "aws_ecr_authorization_token",
      "name": "backend-image_auth_CCF59D8B",
      "provider": "provider[\"registry.terraform.io/hashicorp/aws\"]",
      "instances": [
        {
          "schema_version": 0,
          "attributes": {
            "authorization_token": "QVdTOmV5SndZWGxzYjJGa0lqb2lRMlZoVkRGMU1WQXlORVpaY3pBNFJrMVpjSHByVmpFeU5FSldRbEJIVFZkek1scGpZbUZwV20xS01UVmpSSFZqWTNod1QxYzBTVkpRZFVJM1dFSnJPV1JvY1hRM1ZubE5OVEJTVGs5UmVUWnBUVE4zYTNGa1FtbHNRWE16ZWxKelNGVXlUbU13Yml0SGN6UXpRbHBHWlRGWk15ODVUVGhQTTNWNk9FUktLMGM1V0hoNE5rOVJabWsyYlhWS1kxcDZZakI1VldreVZqRjFWbFJMZEVzM1pIQnRWM1psV21Sb1pIUlZha3BDTDJ0dGEzY3hSR3RqU0VFdldFVnBlREZHZWs5R2JrZFBNamhEUW1jMU5YQXZZV3BTV0VGa2JFYzBaa05hVlZSbVMwRmFUbGczZUZaeFZpdHFSVGQ1VUZCWGNFWkZaR05QWW5wU2RIZ3pZMFYyT1V3eGVGUlhNVlZNWjFoRldDOXNTbXB0WmpsaEwyeHVSRzFaWW1aa1FXVktiRTlEV2poWFJUSmxOalpqYnpOVllrOWxSbmRFV2tsWkwyeEthVmxuUXpNMGNXb3lVM0F6TmtoWmVVSlJWVWd6YnpRek9IWkpPSGhqZW10dFJtczNheTk0U0RCRFNXOUVjelphWnk5MWNUSkhSa0ozYnpSVlFUYzFZV3AyTlRoSFVXMVFObTltVEVvNFZYVjRiVmxoZURCUlZFOWlNbVJVWlZSNmEwOVNPSGw1UkVFNEwwdHpZbEF5V1VKR2RVRTJjVUZZUjFWWk9XcFJaRXR2ZDBvNFdGZEhXbWQ0WkZKb1RGUlNTM1JXTVhKUkx6QTJNbmRoU3psRFUzVmhUVE5IY2pZek5FSkpiV0V6TDNReVUxZDFaMUZ6V0Zac056TmxlazFyVkRORWFraHlWVlIyTVhsNk9VdEJNVlkwTHpsa2F6UnFVekV3V2xOaU4yUjJlRk12UVV0aGNuZGlWMHRqTm05NWN6bDFjV2czTVdaSlpIUm9RMWRqTjNaMU5IRlJaVWxPUTBKbGVWbEdWbFJ6U3k4dldYSmhkMEo2UjB4SmVGcEhMMXBYUVdkcGJpdFBkakIzWjFkUE5qRXlielZzZW1aaVJ6WnRaVVJ3VEVGMmRGRndVMEZvS3pOT1ltMHJhME51TlRsRU5rMTJUMDlVZUV0bVpXVTBUVU5UZFZvMU1HdFBlVFpWVjNkSmJGYzFPSEozVEZVelZFczFkbkZrTjFCQ2FEUnFSa1JQVTFSQ1FuQm1Ua001TTBSdVVtSm5VRW8yYkZac1UyNVVUVlpWSzJSSWMwdDNWbHBHUzI1SldqSm9SRTVoZWpaMk1FVnphVlJPVGtRMVZteEVlWFExYWpndllWQlFUVE4wTTBJd1RVUkdlVW94WVd0RVNWVk1SVEZtZW1WUU1HZExlbWx1VlV0aVRscDFiVTVTY2tVMlYyOWphRTVPZWxwVlFsUjJjWFJqVG5sSE9WaENZVTVxTTB0dk1WSXhkMWRuZDJkV1oxRlZlVzVFWlRCUmVuUkxOVGdyVkNzNGR6bGlhbk4xU25kNVRqbHZXVGxqY1RORk5rMW1hRUpNZEZSc1JFcGljM1pyYnk5eldVdzFTWFJ3VEdGUWJscDJNV1ZyYjBzellXTXZXRkpQZWtGbGQwdDRjMWhwZDBSMlJrZE9WMkpsV25CSFdWbFpRWG93YUhwb2NIUjZSbFZ0UW5oUFNIbE5Xa0ZKY3pWdlFrSklXWE5QVDNnemR6SlFWRWhZVGpOb01IRm9VM05CVFd0S1ZETTNhbU0wZFZwa1JtaFRXRlJuZVdGeEwzTmtUbmM1V1ZReE1tcFJWemx4WVRJMmRrVnFjamhPYm5oUVpVWkhNRXd3VEV0aVJHcG1aRUpUWm05VFZtWlJRblIyUWk5dVVIRTJRM2RFTW5KeFUwRlJiMUJOVjI5VU9GcG5aRVJ2YW5sbU9FeGlXaXRxYlZOMFZUazFOMnBDZDBZd2JIRkhTWEU0VW5SM1dVbHRaRXgzWmpSU1NuWnJQU0lzSW1SaGRHRnJaWGtpT2lKQlVVVkNRVWhvVEhscWVqZFFTa1ZRYlZsaWNVZzJRVFptTDNkWFRucDVlalZDUzJFek4wSnVRbEJ6UVhsMVJqRkxVVUZCUVVnMGQyWkJXVXBMYjFwSmFIWmpUa0ZSWTBkdlJ6aDNZbEZKUWtGRVFtOUNaMnR4YUd0cFJ6bDNNRUpDZDBWM1NHZFpTbGxKV2tsQlYxVkVRa0ZGZFUxQ1JVVkVSRmxGU0dWSFRVTXdXV1ZFVW1SVGNsRkpRa1ZKUVRkSWJtNVlNSEV2Y1VWNVdHSnNOVkUyVmtOdVRuSjZPVzl0TVZOTmQyVlRiM1ZhTlhSdE1VdHNlV2MyVGxwRk1EUkNlSEUyVmxRMldVWXJaRFpSYjFSMmEyWXhlakpRTkd4bmF6RktiRkJOUFNJc0luWmxjbk5wYjI0aU9pSXlJaXdpZEhsd1pTSTZJa1JCVkVGZlMwVlpJaXdpWlhod2FYSmhkR2x2YmlJNk1UY3dOemN6TlRReE5IMD0=",
            "expires_at": "2024-02-12T10:56:54Z",
            "id": "ap-southeast-2",
            "password": "eyJwYXlsb2FkIjoiQ2VhVDF1MVAyNEZZczA4Rk1ZcHprVjEyNEJWQlBHTVdzMlpjYmFpWm1KMTVjRHVjY3hwT1c0SVJQdUI3WEJrOWRocXQ3VnlNNTBSTk9ReTZpTTN3a3FkQmlsQXMzelJzSFUyTmMwbitHczQzQlpGZTFZMy85TThPM3V6OERKK0c5WHh4Nk9RZmk2bXVKY1p6YjB5VWkyVjF1VlRLdEs3ZHBtV3ZlWmRoZHRVakpCL2tta3cxRGtjSEEvWEVpeDFGek9GbkdPMjhDQmc1NXAvYWpSWEFkbEc0ZkNaVVRmS0FaTlg3eFZxVitqRTd5UFBXcEZFZGNPYnpSdHgzY0V2OUwxeFRXMVVMZ1hFWC9sSmptZjlhL2xuRG1ZYmZkQWVKbE9DWjhXRTJlNjZjbzNVYk9lRndEWklZL2xKaVlnQzM0cWoyU3AzNkhZeUJRVUgzbzQzOHZJOHhjemttRms3ay94SDBDSW9EczZaZy91cTJHRkJ3bzRVQTc1YWp2NThHUW1QNm9mTEo4VXV4bVlheDBRVE9iMmRUZVR6a09SOHl5REE4L0tzYlAyWUJGdUE2cUFYR1VZOWpRZEtvd0o4WFdHWmd4ZFJoTFRSS3RWMXJRLzA2MndhSzlDU3VhTTNHcjYzNEJJbWEzL3QyU1d1Z1FzWFZsNzNlek1rVDNEakhyVVR2MXl6OUtBMVY0LzlkazRqUzEwWlNiN2R2eFMvQUthcndiV0tjNm95czl1cWg3MWZJZHRoQ1djN3Z1NHFRZUlOQ0JleVlGVlRzSy8vWXJhd0J6R0xJeFpHL1pXQWdpbitPdjB3Z1dPNjEybzVsemZiRzZtZURwTEF2dFFwU0FoKzNOYm0ra0NuNTlENk12T09UeEtmZWU0TUNTdVo1MGtPeTZVV3dJbFc1OHJ3TFUzVEs1dnFkN1BCaDRqRkRPU1RCQnBmTkM5M0RuUmJnUEo2bFZsU25UTVZVK2RIc0t3VlpGS25JWjJoRE5hejZ2MEVzaVROTkQ1VmxEeXQ1ajgvYVBQTTN0M0IwTURGeUoxYWtESVVMRTFmemVQMGdLemluVUtiTlp1bU5SckU2V29jaE5OelpVQlR2cXRjTnlHOVhCYU5qM0tvMVIxd1dnd2dWZ1FVeW5EZTBRenRLNTgrVCs4dzlianN1Snd5TjlvWTljcTNFNk1maEJMdFRsREpic3Zrby9zWUw1SXRwTGFQblp2MWVrb0szYWMvWFJPekFld0t4c1hpd0R2RkdOV2JlWnBHWVlZQXowaHpocHR6RlVtQnhPSHlNWkFJczVvQkJIWXNPT3gzdzJQVEhYTjNoMHFoU3NBTWtKVDM3amM0dVpkRmhTWFRneWFxL3NkTnc5WVQxMmpRVzlxYTI2dkVqcjhObnhQZUZHMEwwTEtiRGpmZEJTZm9TVmZRQnR2Qi9uUHE2Q3dEMnJxU0FRb1BNV29UOFpnZERvanlmOExiWitqbVN0VTk1N2pCd0YwbHFHSXE4UnR3WUltZEx3ZjRSSnZrPSIsImRhdGFrZXkiOiJBUUVCQUhoTHlqejdQSkVQbVlicUg2QTZmL3dXTnp5ejVCS2EzN0JuQlBzQXl1RjFLUUFBQUg0d2ZBWUpLb1pJaHZjTkFRY0dvRzh3YlFJQkFEQm9CZ2txaGtpRzl3MEJCd0V3SGdZSllJWklBV1VEQkFFdU1CRUVERFlFSGVHTUMwWWVEUmRTclFJQkVJQTdIbm5YMHEvcUV5WGJsNVE2VkNuTnJ6OW9tMVNNd2VTb3VaNXRtMUtseWc2TlpFMDRCeHE2VlQ2WUYrZDZRb1R2a2YxejJQNGxnazFKbFBNPSIsInZlcnNpb24iOiIyIiwidHlwZSI6IkRBVEFfS0VZIiwiZXhwaXJhdGlvbiI6MTcwNzczNTQxNH0=",
            "proxy_endpoint": "https://166963536078.dkr.ecr.ap-southeast-2.amazonaws.com",
            "registry_id": "166963536078",
            "user_name": "AWS"
          },
          "sensitive_attributes": []
        }
      ]
    },
    {
      "mode": "managed",
      "type": "aws_cloudfront_distribution",
      "name": "cf",
      "provider": "provider[\"registry.terraform.io/hashicorp/aws\"]",
      "instances": [
        {
          "schema_version": 1,
          "attributes": {
            "aliases": [],
            "arn": "arn:aws:cloudfront::166963536078:distribution/E3RS4QKJDRXMIT",
            "caller_reference": "terraform-20240208233027777100000006",
            "comment": "Docker example frontend",
            "continuous_deployment_policy_id": "",
            "custom_error_response": [],
            "default_cache_behavior": [
              {
                "allowed_methods": [
                  "DELETE",
                  "GET",
                  "HEAD",
                  "OPTIONS",
                  "PATCH",
                  "POST",
                  "PUT"
                ],
                "cache_policy_id": "",
                "cached_methods": [
                  "GET",
                  "HEAD"
                ],
                "compress": false,
                "default_ttl": 0,
                "field_level_encryption_id": "",
                "forwarded_values": [
                  {
                    "cookies": [
                      {
                        "forward": "none",
                        "whitelisted_names": []
                      }
                    ],
                    "headers": [],
                    "query_string": false,
                    "query_string_cache_keys": []
                  }
                ],
                "function_association": [],
                "lambda_function_association": [],
                "max_ttl": 0,
                "min_ttl": 0,
                "origin_request_policy_id": "",
                "realtime_log_config_arn": "",
                "response_headers_policy_id": "",
                "smooth_streaming": false,
                "target_origin_id": "backendOrigin",
                "trusted_key_groups": [],
                "trusted_signers": [],
                "viewer_protocol_policy": "redirect-to-https"
              }
            ],
            "default_root_object": "",
            "domain_name": "da5w2x7rhtcyu.cloudfront.net",
            "enabled": true,
            "etag": "E1P449FDFVQFLO",
            "hosted_zone_id": "Z2FDTNDATAQYW2",
            "http_version": "http2",
            "id": "E3RS4QKJDRXMIT",
            "in_progress_validation_batches": 0,
            "is_ipv6_enabled": false,
            "last_modified_time": "2024-02-08 23:50:50.017 +0000 UTC",
            "logging_config": [],
            "ordered_cache_behavior": [],
            "origin": [
              {
                "connection_attempts": 3,
                "connection_timeout": 10,
                "custom_header": [],
                "custom_origin_config": [
                  {
                    "http_port": 80,
                    "https_port": 443,
                    "origin_keepalive_timeout": 5,
                    "origin_protocol_policy": "http-only",
                    "origin_read_timeout": 30,
                    "origin_ssl_protocols": [
                      "TLSv1",
                      "TLSv1.1",
                      "TLSv1.2"
                    ]
                  }
                ],
                "domain_name": "loadbalancer-926635936.ap-southeast-2.elb.amazonaws.com",
                "origin_access_control_id": "",
                "origin_id": "backendOrigin",
                "origin_path": "",
                "origin_shield": [],
                "s3_origin_config": []
              }
            ],
            "origin_group": [],
            "price_class": "PriceClass_All",
            "restrictions": [
              {
                "geo_restriction": [
                  {
                    "locations": [],
                    "restriction_type": "none"
                  }
                ]
              }
            ],
            "retain_on_delete": false,
            "staging": false,
            "status": "Deployed",
            "tags": {
              "owner": "blacksheepcode",
              "team": "cdk"
            },
            "tags_all": {
              "owner": "blacksheepcode",
              "team": "cdk"
            },
            "trusted_key_groups": [
              {
                "enabled": false,
                "items": []
              }
            ],
            "trusted_signers": [
              {
                "enabled": false,
                "items": []
              }
            ],
            "viewer_certificate": [
              {
                "acm_certificate_arn": "",
                "cloudfront_default_certificate": true,
                "iam_certificate_id": "",
                "minimum_protocol_version": "TLSv1",
                "ssl_support_method": ""
              }
            ],
            "wait_for_deployment": true,
            "web_acl_id": ""
          },
          "sensitive_attributes": [],
          "private": "eyJzY2hlbWFfdmVyc2lvbiI6IjEifQ==",
          "dependencies": [
            "aws_lb.loadbalancer-lb",
            "aws_security_group.loadbalancer-lb-security-group",
            "module.vpc.aws_subnet.public",
            "module.vpc.aws_vpc.this",
            "module.vpc.aws_vpc_ipv4_cidr_block_association.this"
          ]
        }
      ]
    },
    {
      "mode": "managed",
      "type": "aws_cloudwatch_log_group",
      "name": "cluster_loggroup_B6FCE77F",
      "provider": "provider[\"registry.terraform.io/hashicorp/aws\"]",
      "instances": [
        {
          "schema_version": 0,
          "attributes": {
            "arn": "arn:aws:logs:ap-southeast-2:166963536078:log-group:cluster/backend",
            "id": "cluster/backend",
            "kms_key_id": "",
            "log_group_class": "STANDARD",
            "name": "cluster/backend",
            "name_prefix": "",
            "retention_in_days": 30,
            "skip_destroy": false,
            "tags": {
              "owner": "blacksheepcode",
              "team": "cdk"
            },
            "tags_all": {
              "owner": "blacksheepcode",
              "team": "cdk"
            }
          },
          "sensitive_attributes": [],
          "private": "bnVsbA==",
          "dependencies": [
            "aws_ecs_cluster.cluster_ecs-cluster_EB04E3E5"
          ]
        }
      ]
    },
    {
      "mode": "managed",
      "type": "aws_ecr_repository",
      "name": "backend-image_ecr_33062760",
      "provider": "provider[\"registry.terraform.io/hashicorp/aws\"]",
      "instances": [
        {
          "schema_version": 0,
          "attributes": {
            "arn": "arn:aws:ecr:ap-southeast-2:166963536078:repository/backend-image",
            "encryption_configuration": [
              {
                "encryption_type": "AES256",
                "kms_key": ""
              }
            ],
            "force_delete": null,
            "id": "backend-image",
            "image_scanning_configuration": [
              {
                "scan_on_push": false
              }
            ],
            "image_tag_mutability": "MUTABLE",
            "name": "backend-image",
            "registry_id": "166963536078",
            "repository_url": "166963536078.dkr.ecr.ap-southeast-2.amazonaws.com/backend-image",
            "tags": {
              "owner": "blacksheepcode",
              "team": "cdk"
            },
            "tags_all": {
              "owner": "blacksheepcode",
              "team": "cdk"
            },
            "timeouts": null
          },
          "sensitive_attributes": [],
          "private": "eyJlMmJmYjczMC1lY2FhLTExZTYtOGY4OC0zNDM2M2JjN2M0YzAiOnsiZGVsZXRlIjoxMjAwMDAwMDAwMDAwfX0="
        }
      ]
    },
    {
      "mode": "managed",
      "type": "aws_ecs_cluster",
      "name": "cluster_ecs-cluster_EB04E3E5",
      "provider": "provider[\"registry.terraform.io/hashicorp/aws\"]",
      "instances": [
        {
          "schema_version": 0,
          "attributes": {
            "arn": "arn:aws:ecs:ap-southeast-2:166963536078:cluster/cluster",
            "configuration": [],
            "id": "arn:aws:ecs:ap-southeast-2:166963536078:cluster/cluster",
            "name": "cluster",
            "service_connect_defaults": [],
            "setting": [
              {
                "name": "containerInsights",
                "value": "disabled"
              }
            ],
            "tags": {
              "owner": "blacksheepcode",
              "team": "cdk"
            },
            "tags_all": {
              "owner": "blacksheepcode",
              "team": "cdk"
            }
          },
          "sensitive_attributes": [],
          "private": "bnVsbA=="
        }
      ]
    },
    {
      "mode": "managed",
      "type": "aws_ecs_cluster_capacity_providers",
      "name": "cluster_capacity-providers-cluster_98D7E452",
      "provider": "provider[\"registry.terraform.io/hashicorp/aws\"]",
      "instances": [
        {
          "schema_version": 0,
          "attributes": {
            "capacity_providers": [
              "FARGATE"
            ],
            "cluster_name": "cluster",
            "default_capacity_provider_strategy": [],
            "id": "cluster"
          },
          "sensitive_attributes": [],
          "private": "bnVsbA==",
          "dependencies": [
            "aws_ecs_cluster.cluster_ecs-cluster_EB04E3E5"
          ]
        }
      ]
    },
    {
      "mode": "managed",
      "type": "aws_ecs_service",
      "name": "loadbalancer_service_2A69B2EE",
      "provider": "provider[\"registry.terraform.io/hashicorp/aws\"]",
      "instances": [
        {
          "schema_version": 0,
          "attributes": {
            "alarms": [],
            "capacity_provider_strategy": [],
            "cluster": "arn:aws:ecs:ap-southeast-2:166963536078:cluster/cluster",
            "deployment_circuit_breaker": [
              {
                "enable": false,
                "rollback": false
              }
            ],
            "deployment_controller": [
              {
                "type": "ECS"
              }
            ],
            "deployment_maximum_percent": 200,
            "deployment_minimum_healthy_percent": 100,
            "desired_count": 1,
            "enable_ecs_managed_tags": false,
            "enable_execute_command": false,
            "force_new_deployment": null,
            "health_check_grace_period_seconds": 0,
            "iam_role": "/aws-service-role/ecs.amazonaws.com/AWSServiceRoleForECS",
            "id": "arn:aws:ecs:ap-southeast-2:166963536078:service/cluster/backend",
            "launch_type": "FARGATE",
            "load_balancer": [
              {
                "container_name": "backend",
                "container_port": 80,
                "elb_name": "",
                "target_group_arn": "arn:aws:elasticloadbalancing:ap-southeast-2:166963536078:targetgroup/backend-target-group/a364b44cd8808292"
              }
            ],
            "name": "backend",
            "network_configuration": [
              {
                "assign_public_ip": true,
                "security_groups": [
                  "sg-0e7efdd2d1eef843a"
                ],
                "subnets": [
                  "subnet-01f7c88016657cacf",
                  "subnet-05a4f91d2ed947b08",
                  "subnet-0ac4ecea8b57a2bb8"
                ]
              }
            ],
            "ordered_placement_strategy": [],
            "placement_constraints": [],
            "platform_version": "LATEST",
            "propagate_tags": "NONE",
            "scheduling_strategy": "REPLICA",
            "service_connect_configuration": [],
            "service_registries": [],
            "tags": {
              "owner": "blacksheepcode",
              "team": "cdk"
            },
            "tags_all": {
              "owner": "blacksheepcode",
              "team": "cdk"
            },
            "task_definition": "arn:aws:ecs:ap-southeast-2:166963536078:task-definition/service:12",
            "timeouts": null,
            "triggers": {},
            "wait_for_steady_state": false
          },
          "sensitive_attributes": [],
          "private": "eyJlMmJmYjczMC1lY2FhLTExZTYtOGY4OC0zNDM2M2JjN2M0YzAiOnsiY3JlYXRlIjoxMjAwMDAwMDAwMDAwLCJkZWxldGUiOjEyMDAwMDAwMDAwMDAsInVwZGF0ZSI6MTIwMDAwMDAwMDAwMH19",
          "dependencies": [
            "aws_cloudwatch_log_group.cluster_loggroup_B6FCE77F",
            "aws_ecr_repository.backend-image_ecr_33062760",
            "aws_ecs_cluster.cluster_ecs-cluster_EB04E3E5",
            "aws_ecs_task_definition.cluster_task_32606533",
            "aws_iam_role.cluster_execution-role_51A6F967",
            "aws_iam_role.cluster_task-role_AC6F7F2A",
            "aws_lb.loadbalancer-lb",
            "aws_lb_listener.loadbalancer-lb-listener",
            "aws_lb_target_group.loadbalancer_target-group_032D9A6A",
            "aws_security_group.example-docker-aws-service-security-group",
            "aws_security_group.loadbalancer-lb-security-group",
            "data.aws_ecr_authorization_token.backend-image_auth_CCF59D8B",
            "module.vpc.aws_subnet.public",
            "module.vpc.aws_vpc.this",
            "module.vpc.aws_vpc_ipv4_cidr_block_association.this",
            "null_resource.backend-image_91095F08"
          ]
        }
      ]
    },
    {
      "mode": "managed",
      "type": "aws_ecs_task_definition",
      "name": "cluster_task_32606533",
      "provider": "provider[\"registry.terraform.io/hashicorp/aws\"]",
      "instances": [
        {
          "schema_version": 1,
          "attributes": {
            "arn": "arn:aws:ecs:ap-southeast-2:166963536078:task-definition/service:12",
            "arn_without_revision": "arn:aws:ecs:ap-southeast-2:166963536078:task-definition/service",
            "container_definitions": "[{\"cpu\":256,\"environment\":[{\"name\":\"PORT\",\"value\":\"80\"}],\"essential\":true,\"image\":\"166963536078.dkr.ecr.ap-southeast-2.amazonaws.com/backend-image:f8d223244f508a2ec0272dcf049cd92ed34f892dd53e000e8b78f0941476b0ef\",\"logConfiguration\":{\"logDriver\":\"awslogs\",\"options\":{\"awslogs-group\":\"cluster/backend\",\"awslogs-region\":\"ap-southeast-2\",\"awslogs-stream-prefix\":\"backend\"}},\"memory\":512,\"mountPoints\":[],\"name\":\"backend\",\"portMappings\":[{\"containerPort\":80,\"hostPort\":80,\"protocol\":\"tcp\"}],\"volumesFrom\":[]}]",
            "cpu": "256",
            "ephemeral_storage": [],
            "execution_role_arn": "arn:aws:iam::166963536078:role/backend-execution-role",
            "family": "service",
            "id": "service",
            "inference_accelerator": [],
            "ipc_mode": "",
            "memory": "512",
            "network_mode": "awsvpc",
            "pid_mode": "",
            "placement_constraints": [],
            "proxy_configuration": [],
            "requires_compatibilities": [
              "EC2",
              "FARGATE"
            ],
            "revision": 12,
            "runtime_platform": [],
            "skip_destroy": false,
            "tags": {
              "owner": "blacksheepcode",
              "team": "cdk"
            },
            "tags_all": {
              "owner": "blacksheepcode",
              "team": "cdk"
            },
            "task_role_arn": "arn:aws:iam::166963536078:role/backend-task-role",
            "volume": []
          },
          "sensitive_attributes": [],
          "private": "eyJzY2hlbWFfdmVyc2lvbiI6IjEifQ==",
          "dependencies": [
            "aws_cloudwatch_log_group.cluster_loggroup_B6FCE77F",
            "aws_ecr_repository.backend-image_ecr_33062760",
            "aws_ecs_cluster.cluster_ecs-cluster_EB04E3E5",
            "aws_iam_role.cluster_execution-role_51A6F967",
            "aws_iam_role.cluster_task-role_AC6F7F2A",
            "data.aws_ecr_authorization_token.backend-image_auth_CCF59D8B",
            "null_resource.backend-image_91095F08"
          ]
        }
      ]
    },
    {
      "mode": "managed",
      "type": "aws_iam_role",
      "name": "cluster_execution-role_51A6F967",
      "provider": "provider[\"registry.terraform.io/hashicorp/aws\"]",
      "instances": [
        {
          "schema_version": 0,
          "attributes": {
            "arn": "arn:aws:iam::166963536078:role/backend-execution-role",
            "assume_role_policy": "{\"Statement\":[{\"Action\":\"sts:AssumeRole\",\"Effect\":\"Allow\",\"Principal\":{\"Service\":\"ecs-tasks.amazonaws.com\"},\"Sid\":\"\"}],\"Version\":\"2012-10-17\"}",
            "create_date": "2024-02-08T23:27:33Z",
            "description": "",
            "force_detach_policies": false,
            "id": "backend-execution-role",
            "inline_policy": [
              {
                "name": "allow-ecr-pull",
                "policy": "{\"Version\":\"2012-10-17\",\"Statement\":[{\"Action\":[\"ecr:GetAuthorizationToken\",\"ecr:BatchCheckLayerAvailability\",\"ecr:GetDownloadUrlForLayer\",\"ecr:BatchGetImage\",\"logs:CreateLogStream\",\"logs:PutLogEvents\"],\"Effect\":\"Allow\",\"Resource\":\"*\"}]}"
              }
            ],
            "managed_policy_arns": [],
            "max_session_duration": 3600,
            "name": "backend-execution-role",
            "name_prefix": "",
            "path": "/",
            "permissions_boundary": "",
            "tags": {
              "owner": "blacksheepcode",
              "team": "cdk"
            },
            "tags_all": {
              "owner": "blacksheepcode",
              "team": "cdk"
            },
            "unique_id": "AROASNX6NMDHAGTPQ4QFZ"
          },
          "sensitive_attributes": [],
          "private": "bnVsbA=="
        }
      ]
    },
    {
      "mode": "managed",
      "type": "aws_iam_role",
      "name": "cluster_task-role_AC6F7F2A",
      "provider": "provider[\"registry.terraform.io/hashicorp/aws\"]",
      "instances": [
        {
          "schema_version": 0,
          "attributes": {
            "arn": "arn:aws:iam::166963536078:role/backend-task-role",
            "assume_role_policy": "{\"Statement\":[{\"Action\":\"sts:AssumeRole\",\"Effect\":\"Allow\",\"Principal\":{\"Service\":\"ecs-tasks.amazonaws.com\"},\"Sid\":\"\"}],\"Version\":\"2012-10-17\"}",
            "create_date": "2024-02-08T23:27:33Z",
            "description": "",
            "force_detach_policies": false,
            "id": "backend-task-role",
            "inline_policy": [
              {
                "name": "allow-logs",
                "policy": "{\"Version\":\"2012-10-17\",\"Statement\":[{\"Action\":[\"logs:CreateLogStream\",\"logs:PutLogEvents\"],\"Effect\":\"Allow\",\"Resource\":\"*\"}]}"
              }
            ],
            "managed_policy_arns": [],
            "max_session_duration": 3600,
            "name": "backend-task-role",
            "name_prefix": "",
            "path": "/",
            "permissions_boundary": "",
            "tags": {
              "owner": "blacksheepcode",
              "team": "cdk"
            },
            "tags_all": {
              "owner": "blacksheepcode",
              "team": "cdk"
            },
            "unique_id": "AROASNX6NMDHL2FWFKLLT"
          },
          "sensitive_attributes": [],
          "private": "bnVsbA=="
        }
      ]
    },
    {
      "mode": "managed",
      "type": "aws_lb",
      "name": "loadbalancer-lb",
      "provider": "provider[\"registry.terraform.io/hashicorp/aws\"]",
      "instances": [
        {
          "schema_version": 0,
          "attributes": {
            "access_logs": [
              {
                "bucket": "",
                "enabled": false,
                "prefix": ""
              }
            ],
            "arn": "arn:aws:elasticloadbalancing:ap-southeast-2:166963536078:loadbalancer/app/loadbalancer/280d55c65a2674cf",
            "arn_suffix": "app/loadbalancer/280d55c65a2674cf",
            "connection_logs": [
              {
                "bucket": "",
                "enabled": false,
                "prefix": ""
              }
            ],
            "customer_owned_ipv4_pool": "",
            "desync_mitigation_mode": "defensive",
            "dns_name": "loadbalancer-926635936.ap-southeast-2.elb.amazonaws.com",
            "dns_record_client_routing_policy": null,
            "drop_invalid_header_fields": false,
            "enable_cross_zone_load_balancing": true,
            "enable_deletion_protection": false,
            "enable_http2": true,
            "enable_tls_version_and_cipher_suite_headers": false,
            "enable_waf_fail_open": false,
            "enable_xff_client_port": false,
            "enforce_security_group_inbound_rules_on_private_link_traffic": "",
            "id": "arn:aws:elasticloadbalancing:ap-southeast-2:166963536078:loadbalancer/app/loadbalancer/280d55c65a2674cf",
            "idle_timeout": 60,
            "internal": false,
            "ip_address_type": "ipv4",
            "load_balancer_type": "application",
            "name": "loadbalancer",
            "name_prefix": "",
            "preserve_host_header": false,
            "security_groups": [
              "sg-0755b8043aca513a3"
            ],
            "subnet_mapping": [
              {
                "allocation_id": "",
                "ipv6_address": "",
                "outpost_id": "",
                "private_ipv4_address": "",
                "subnet_id": "subnet-01f7c88016657cacf"
              },
              {
                "allocation_id": "",
                "ipv6_address": "",
                "outpost_id": "",
                "private_ipv4_address": "",
                "subnet_id": "subnet-05a4f91d2ed947b08"
              },
              {
                "allocation_id": "",
                "ipv6_address": "",
                "outpost_id": "",
                "private_ipv4_address": "",
                "subnet_id": "subnet-0ac4ecea8b57a2bb8"
              }
            ],
            "subnets": [
              "subnet-01f7c88016657cacf",
              "subnet-05a4f91d2ed947b08",
              "subnet-0ac4ecea8b57a2bb8"
            ],
            "tags": {
              "owner": "blacksheepcode",
              "team": "cdk"
            },
            "tags_all": {
              "owner": "blacksheepcode",
              "team": "cdk"
            },
            "timeouts": null,
            "vpc_id": "vpc-0122661467d59c228",
            "xff_header_processing_mode": "append",
            "zone_id": "Z1GM3OXH4ZPM65"
          },
          "sensitive_attributes": [],
          "private": "eyJlMmJmYjczMC1lY2FhLTExZTYtOGY4OC0zNDM2M2JjN2M0YzAiOnsiY3JlYXRlIjo2MDAwMDAwMDAwMDAsImRlbGV0ZSI6NjAwMDAwMDAwMDAwLCJ1cGRhdGUiOjYwMDAwMDAwMDAwMH19",
          "dependencies": [
            "aws_security_group.loadbalancer-lb-security-group",
            "module.vpc.aws_subnet.public",
            "module.vpc.aws_vpc.this",
            "module.vpc.aws_vpc_ipv4_cidr_block_association.this"
          ]
        }
      ]
    },
    {
      "mode": "managed",
      "type": "aws_lb_listener",
      "name": "loadbalancer-lb-listener",
      "provider": "provider[\"registry.terraform.io/hashicorp/aws\"]",
      "instances": [
        {
          "schema_version": 0,
          "attributes": {
            "alpn_policy": null,
            "arn": "arn:aws:elasticloadbalancing:ap-southeast-2:166963536078:listener/app/loadbalancer/280d55c65a2674cf/636899c39e6b78f9",
            "certificate_arn": null,
            "default_action": [
              {
                "authenticate_cognito": [],
                "authenticate_oidc": [],
                "fixed_response": [
                  {
                    "content_type": "text/plain",
                    "message_body": "Could not find the resource you are looking for",
                    "status_code": "404"
                  }
                ],
                "forward": [],
                "order": 1,
                "redirect": [],
                "target_group_arn": "",
                "type": "fixed-response"
              }
            ],
            "id": "arn:aws:elasticloadbalancing:ap-southeast-2:166963536078:listener/app/loadbalancer/280d55c65a2674cf/636899c39e6b78f9",
            "load_balancer_arn": "arn:aws:elasticloadbalancing:ap-southeast-2:166963536078:loadbalancer/app/loadbalancer/280d55c65a2674cf",
            "mutual_authentication": [],
            "port": 80,
            "protocol": "HTTP",
            "ssl_policy": "",
            "tags": {
              "owner": "blacksheepcode",
              "team": "cdk"
            },
            "tags_all": {
              "owner": "blacksheepcode",
              "team": "cdk"
            },
            "timeouts": null
          },
          "sensitive_attributes": [],
          "private": "eyJlMmJmYjczMC1lY2FhLTExZTYtOGY4OC0zNDM2M2JjN2M0YzAiOnsiY3JlYXRlIjozMDAwMDAwMDAwMDAsInVwZGF0ZSI6MzAwMDAwMDAwMDAwfX0=",
          "dependencies": [
            "aws_lb.loadbalancer-lb",
            "aws_security_group.loadbalancer-lb-security-group",
            "module.vpc.aws_subnet.public",
            "module.vpc.aws_vpc.this",
            "module.vpc.aws_vpc_ipv4_cidr_block_association.this"
          ]
        }
      ]
    },
    {
      "mode": "managed",
      "type": "aws_lb_listener_rule",
      "name": "loadbalancer_rule_DC03D299",
      "provider": "provider[\"registry.terraform.io/hashicorp/aws\"]",
      "instances": [
        {
          "schema_version": 0,
          "attributes": {
            "action": [
              {
                "authenticate_cognito": [],
                "authenticate_oidc": [],
                "fixed_response": [],
                "forward": [],
                "order": 1,
                "redirect": [],
                "target_group_arn": "arn:aws:elasticloadbalancing:ap-southeast-2:166963536078:targetgroup/backend-target-group/a364b44cd8808292",
                "type": "forward"
              }
            ],
            "arn": "arn:aws:elasticloadbalancing:ap-southeast-2:166963536078:listener-rule/app/loadbalancer/280d55c65a2674cf/636899c39e6b78f9/f55aa311412abed5",
            "condition": [
              {
                "host_header": [],
                "http_header": [],
                "http_request_method": [],
                "path_pattern": [
                  {
                    "values": [
                      "/*"
                    ]
                  }
                ],
                "query_string": [],
                "source_ip": []
              }
            ],
            "id": "arn:aws:elasticloadbalancing:ap-southeast-2:166963536078:listener-rule/app/loadbalancer/280d55c65a2674cf/636899c39e6b78f9/f55aa311412abed5",
            "listener_arn": "arn:aws:elasticloadbalancing:ap-southeast-2:166963536078:listener/app/loadbalancer/280d55c65a2674cf/636899c39e6b78f9",
            "priority": 100,
            "tags": {
              "owner": "blacksheepcode",
              "team": "cdk"
            },
            "tags_all": {
              "owner": "blacksheepcode",
              "team": "cdk"
            }
          },
          "sensitive_attributes": [],
          "private": "bnVsbA==",
          "dependencies": [
            "aws_lb.loadbalancer-lb",
            "aws_lb_listener.loadbalancer-lb-listener",
            "aws_lb_target_group.loadbalancer_target-group_032D9A6A",
            "aws_security_group.loadbalancer-lb-security-group",
            "module.vpc.aws_subnet.public",
            "module.vpc.aws_vpc.this",
            "module.vpc.aws_vpc_ipv4_cidr_block_association.this"
          ]
        }
      ]
    },
    {
      "mode": "managed",
      "type": "aws_lb_target_group",
      "name": "loadbalancer_target-group_032D9A6A",
      "provider": "provider[\"registry.terraform.io/hashicorp/aws\"]",
      "instances": [
        {
          "schema_version": 0,
          "attributes": {
            "arn": "arn:aws:elasticloadbalancing:ap-southeast-2:166963536078:targetgroup/backend-target-group/a364b44cd8808292",
            "arn_suffix": "targetgroup/backend-target-group/a364b44cd8808292",
            "connection_termination": null,
            "deregistration_delay": "300",
            "health_check": [
              {
                "enabled": true,
                "healthy_threshold": 3,
                "interval": 30,
                "matcher": "200",
                "path": "/ready",
                "port": "traffic-port",
                "protocol": "HTTP",
                "timeout": 5,
                "unhealthy_threshold": 3
              }
            ],
            "id": "arn:aws:elasticloadbalancing:ap-southeast-2:166963536078:targetgroup/backend-target-group/a364b44cd8808292",
            "ip_address_type": "ipv4",
            "lambda_multi_value_headers_enabled": false,
            "load_balancing_algorithm_type": "round_robin",
            "load_balancing_anomaly_mitigation": "off",
            "load_balancing_cross_zone_enabled": "use_load_balancer_configuration",
            "name": "backend-target-group",
            "name_prefix": "",
            "port": 80,
            "preserve_client_ip": null,
            "protocol": "HTTP",
            "protocol_version": "HTTP1",
            "proxy_protocol_v2": false,
            "slow_start": 0,
            "stickiness": [
              {
                "cookie_duration": 86400,
                "cookie_name": "",
                "enabled": false,
                "type": "lb_cookie"
              }
            ],
            "tags": {
              "owner": "blacksheepcode",
              "team": "cdk"
            },
            "tags_all": {
              "owner": "blacksheepcode",
              "team": "cdk"
            },
            "target_failover": [
              {
                "on_deregistration": null,
                "on_unhealthy": null
              }
            ],
            "target_health_state": [
              {
                "enable_unhealthy_connection_termination": null
              }
            ],
            "target_type": "ip",
            "vpc_id": "vpc-0122661467d59c228"
          },
          "sensitive_attributes": [],
          "private": "bnVsbA==",
          "dependencies": [
            "aws_lb.loadbalancer-lb",
            "aws_lb_listener.loadbalancer-lb-listener",
            "aws_security_group.loadbalancer-lb-security-group",
            "module.vpc.aws_subnet.public",
            "module.vpc.aws_vpc.this",
            "module.vpc.aws_vpc_ipv4_cidr_block_association.this"
          ]
        }
      ]
    },
    {
      "mode": "managed",
      "type": "aws_security_group",
      "name": "example-docker-aws-service-security-group",
      "provider": "provider[\"registry.terraform.io/hashicorp/aws\"]",
      "instances": [
        {
          "schema_version": 1,
          "attributes": {
            "arn": "arn:aws:ec2:ap-southeast-2:166963536078:security-group/sg-0e7efdd2d1eef843a",
            "description": "Managed by Terraform",
            "egress": [
              {
                "cidr_blocks": [
                  "0.0.0.0/0"
                ],
                "description": "",
                "from_port": 0,
                "ipv6_cidr_blocks": [
                  "::/0"
                ],
                "prefix_list_ids": [],
                "protocol": "-1",
                "security_groups": [],
                "self": false,
                "to_port": 0
              }
            ],
            "id": "sg-0e7efdd2d1eef843a",
            "ingress": [
              {
                "cidr_blocks": [],
                "description": "",
                "from_port": 80,
                "ipv6_cidr_blocks": [],
                "prefix_list_ids": [],
                "protocol": "tcp",
                "security_groups": [
                  "sg-0755b8043aca513a3"
                ],
                "self": false,
                "to_port": 80
              }
            ],
            "name": "terraform-20240208233027769100000005",
            "name_prefix": "terraform-",
            "owner_id": "166963536078",
            "revoke_rules_on_delete": false,
            "tags": {
              "owner": "blacksheepcode",
              "team": "cdk"
            },
            "tags_all": {
              "owner": "blacksheepcode",
              "team": "cdk"
            },
            "timeouts": null,
            "vpc_id": "vpc-0122661467d59c228"
          },
          "sensitive_attributes": [],
          "private": "eyJlMmJmYjczMC1lY2FhLTExZTYtOGY4OC0zNDM2M2JjN2M0YzAiOnsiY3JlYXRlIjo2MDAwMDAwMDAwMDAsImRlbGV0ZSI6OTAwMDAwMDAwMDAwfSwic2NoZW1hX3ZlcnNpb24iOiIxIn0=",
          "dependencies": [
            "aws_lb.loadbalancer-lb",
            "aws_security_group.loadbalancer-lb-security-group",
            "module.vpc.aws_subnet.public",
            "module.vpc.aws_vpc.this",
            "module.vpc.aws_vpc_ipv4_cidr_block_association.this"
          ]
        }
      ]
    },
    {
      "mode": "managed",
      "type": "aws_security_group",
      "name": "loadbalancer-lb-security-group",
      "provider": "provider[\"registry.terraform.io/hashicorp/aws\"]",
      "instances": [
        {
          "schema_version": 1,
          "attributes": {
            "arn": "arn:aws:ec2:ap-southeast-2:166963536078:security-group/sg-0755b8043aca513a3",
            "description": "Managed by Terraform",
            "egress": [
              {
                "cidr_blocks": [
                  "0.0.0.0/0"
                ],
                "description": "",
                "from_port": 0,
                "ipv6_cidr_blocks": [
                  "::/0"
                ],
                "prefix_list_ids": [],
                "protocol": "-1",
                "security_groups": [],
                "self": false,
                "to_port": 0
              }
            ],
            "id": "sg-0755b8043aca513a3",
            "ingress": [
              {
                "cidr_blocks": [
                  "0.0.0.0/0"
                ],
                "description": "",
                "from_port": 80,
                "ipv6_cidr_blocks": [
                  "::/0"
                ],
                "prefix_list_ids": [],
                "protocol": "tcp",
                "security_groups": [],
                "self": false,
                "to_port": 80
              }
            ],
            "name": "terraform-20240208232743710800000002",
            "name_prefix": "terraform-",
            "owner_id": "166963536078",
            "revoke_rules_on_delete": false,
            "tags": {
              "owner": "blacksheepcode",
              "team": "cdk"
            },
            "tags_all": {
              "owner": "blacksheepcode",
              "team": "cdk"
            },
            "timeouts": null,
            "vpc_id": "vpc-0122661467d59c228"
          },
          "sensitive_attributes": [],
          "private": "eyJlMmJmYjczMC1lY2FhLTExZTYtOGY4OC0zNDM2M2JjN2M0YzAiOnsiY3JlYXRlIjo2MDAwMDAwMDAwMDAsImRlbGV0ZSI6OTAwMDAwMDAwMDAwfSwic2NoZW1hX3ZlcnNpb24iOiIxIn0=",
          "dependencies": [
            "module.vpc.aws_vpc.this"
          ]
        }
      ]
    },
    {
      "mode": "managed",
      "type": "null_resource",
      "name": "backend-image_91095F08",
      "provider": "provider[\"registry.terraform.io/hashicorp/null\"]",
      "instances": [
        {
          "schema_version": 0,
          "attributes": {
            "id": "8043669550478365099",
            "triggers": {
              "key": "f8d223244f508a2ec0272dcf049cd92ed34f892dd53e000e8b78f0941476b0ef"
            }
          },
          "sensitive_attributes": [],
          "dependencies": [
            "aws_ecr_repository.backend-image_ecr_33062760",
            "data.aws_ecr_authorization_token.backend-image_auth_CCF59D8B"
          ]
        }
      ]
    },
    {
      "module": "module.vpc",
      "mode": "managed",
      "type": "aws_db_subnet_group",
      "name": "database",
      "provider": "provider[\"registry.terraform.io/hashicorp/aws\"]",
      "instances": [
        {
          "index_key": 0,
          "schema_version": 0,
          "attributes": {
            "arn": "arn:aws:rds:ap-southeast-2:166963536078:subgrp:example-docker-aws",
            "description": "Database subnet group for example-docker-aws",
            "id": "example-docker-aws",
            "name": "example-docker-aws",
            "name_prefix": "",
            "subnet_ids": [
              "subnet-01f221cd23668a85a",
              "subnet-0951deb4665d4f4bd",
              "subnet-0a522e6a46cd6c954"
            ],
            "supported_network_types": [
              "IPV4"
            ],
            "tags": {
              "Name": "example-docker-aws",
              "owner": "blacksheepcode",
              "team": "cdk"
            },
            "tags_all": {
              "Name": "example-docker-aws",
              "owner": "blacksheepcode",
              "team": "cdk"
            },
            "vpc_id": "vpc-0122661467d59c228"
          },
          "sensitive_attributes": [],
          "private": "bnVsbA==",
          "dependencies": [
            "module.vpc.aws_subnet.database",
            "module.vpc.aws_vpc.this",
            "module.vpc.aws_vpc_ipv4_cidr_block_association.this"
          ]
        }
      ]
    },
    {
      "module": "module.vpc",
      "mode": "managed",
      "type": "aws_default_network_acl",
      "name": "this",
      "provider": "provider[\"registry.terraform.io/hashicorp/aws\"]",
      "instances": [
        {
          "index_key": 0,
          "schema_version": 0,
          "attributes": {
            "arn": "arn:aws:ec2:ap-southeast-2:166963536078:network-acl/acl-012a8027fc9dca3d1",
            "default_network_acl_id": "acl-012a8027fc9dca3d1",
            "egress": [
              {
                "action": "allow",
                "cidr_block": "",
                "from_port": 0,
                "icmp_code": 0,
                "icmp_type": 0,
                "ipv6_cidr_block": "::/0",
                "protocol": "-1",
                "rule_no": 101,
                "to_port": 0
              },
              {
                "action": "allow",
                "cidr_block": "0.0.0.0/0",
                "from_port": 0,
                "icmp_code": 0,
                "icmp_type": 0,
                "ipv6_cidr_block": "",
                "protocol": "-1",
                "rule_no": 100,
                "to_port": 0
              }
            ],
            "id": "acl-012a8027fc9dca3d1",
            "ingress": [
              {
                "action": "allow",
                "cidr_block": "",
                "from_port": 0,
                "icmp_code": 0,
                "icmp_type": 0,
                "ipv6_cidr_block": "::/0",
                "protocol": "-1",
                "rule_no": 101,
                "to_port": 0
              },
              {
                "action": "allow",
                "cidr_block": "0.0.0.0/0",
                "from_port": 0,
                "icmp_code": 0,
                "icmp_type": 0,
                "ipv6_cidr_block": "",
                "protocol": "-1",
                "rule_no": 100,
                "to_port": 0
              }
            ],
            "owner_id": "166963536078",
            "subnet_ids": [
              "subnet-014b83eb3a9837cd6",
              "subnet-01f221cd23668a85a",
              "subnet-01f7c88016657cacf",
              "subnet-05a4f91d2ed947b08",
              "subnet-06ff93f1624303a55",
              "subnet-0951deb4665d4f4bd",
              "subnet-0a522e6a46cd6c954",
              "subnet-0ac4ecea8b57a2bb8",
              "subnet-0ec3e1966cb0c445f"
            ],
            "tags": {
              "Name": "example-docker-aws-default",
              "owner": "blacksheepcode",
              "team": "cdk"
            },
            "tags_all": {
              "Name": "example-docker-aws-default",
              "owner": "blacksheepcode",
              "team": "cdk"
            },
            "vpc_id": "vpc-0122661467d59c228"
          },
          "sensitive_attributes": [],
          "private": "bnVsbA==",
          "dependencies": [
            "module.vpc.aws_vpc.this"
          ]
        }
      ]
    },
    {
      "module": "module.vpc",
      "mode": "managed",
      "type": "aws_default_route_table",
      "name": "default",
      "provider": "provider[\"registry.terraform.io/hashicorp/aws\"]",
      "instances": [
        {
          "index_key": 0,
          "schema_version": 0,
          "attributes": {
            "arn": "arn:aws:ec2:ap-southeast-2:166963536078:route-table/rtb-080dd84efe8185230",
            "default_route_table_id": "rtb-080dd84efe8185230",
            "id": "rtb-080dd84efe8185230",
            "owner_id": "166963536078",
            "propagating_vgws": [],
            "route": [],
            "tags": {
              "Name": "example-docker-aws-default",
              "owner": "blacksheepcode",
              "team": "cdk"
            },
            "tags_all": {
              "Name": "example-docker-aws-default",
              "owner": "blacksheepcode",
              "team": "cdk"
            },
            "timeouts": {
              "create": "5m",
              "update": "5m"
            },
            "vpc_id": "vpc-0122661467d59c228"
          },
          "sensitive_attributes": [],
          "private": "eyJlMmJmYjczMC1lY2FhLTExZTYtOGY4OC0zNDM2M2JjN2M0YzAiOnsiY3JlYXRlIjozMDAwMDAwMDAwMDAsInVwZGF0ZSI6MzAwMDAwMDAwMDAwfX0=",
          "dependencies": [
            "module.vpc.aws_vpc.this"
          ]
        }
      ]
    },
    {
      "module": "module.vpc",
      "mode": "managed",
      "type": "aws_default_security_group",
      "name": "this",
      "provider": "provider[\"registry.terraform.io/hashicorp/aws\"]",
      "instances": [
        {
          "index_key": 0,
          "schema_version": 1,
          "attributes": {
            "arn": "arn:aws:ec2:ap-southeast-2:166963536078:security-group/sg-06711eb7448d3ee44",
            "description": "default VPC security group",
            "egress": [],
            "id": "sg-06711eb7448d3ee44",
            "ingress": [],
            "name": "default",
            "name_prefix": "",
            "owner_id": "166963536078",
            "revoke_rules_on_delete": false,
            "tags": {
              "Name": "example-docker-aws-default",
              "owner": "blacksheepcode",
              "team": "cdk"
            },
            "tags_all": {
              "Name": "example-docker-aws-default",
              "owner": "blacksheepcode",
              "team": "cdk"
            },
            "vpc_id": "vpc-0122661467d59c228"
          },
          "sensitive_attributes": [],
          "private": "eyJzY2hlbWFfdmVyc2lvbiI6IjEifQ==",
          "dependencies": [
            "module.vpc.aws_vpc.this"
          ]
        }
      ]
    },
    {
      "module": "module.vpc",
      "mode": "managed",
      "type": "aws_eip",
      "name": "nat",
      "provider": "provider[\"registry.terraform.io/hashicorp/aws\"]",
      "instances": [
        {
          "index_key": 0,
          "schema_version": 0,
          "attributes": {
            "address": null,
            "allocation_id": "eipalloc-04d82bd7e668115ff",
            "associate_with_private_ip": null,
            "association_id": "eipassoc-07ce466ac7c8957de",
            "carrier_ip": "",
            "customer_owned_ip": "",
            "customer_owned_ipv4_pool": "",
            "domain": "vpc",
            "id": "eipalloc-04d82bd7e668115ff",
            "instance": "",
            "network_border_group": "ap-southeast-2",
            "network_interface": "eni-06172a309f7f2c74c",
            "private_dns": "ip-10-0-101-134.ap-southeast-2.compute.internal",
            "private_ip": "10.0.101.134",
            "public_dns": "ec2-13-54-84-60.ap-southeast-2.compute.amazonaws.com",
            "public_ip": "13.54.84.60",
            "public_ipv4_pool": "amazon",
            "tags": {
              "Name": "example-docker-aws-ap-southeast-2a",
              "owner": "blacksheepcode",
              "team": "cdk"
            },
            "tags_all": {
              "Name": "example-docker-aws-ap-southeast-2a",
              "owner": "blacksheepcode",
              "team": "cdk"
            },
            "timeouts": null,
            "vpc": true
          },
          "sensitive_attributes": [],
          "private": "eyJlMmJmYjczMC1lY2FhLTExZTYtOGY4OC0zNDM2M2JjN2M0YzAiOnsiZGVsZXRlIjoxODAwMDAwMDAwMDAsInJlYWQiOjkwMDAwMDAwMDAwMCwidXBkYXRlIjozMDAwMDAwMDAwMDB9fQ==",
          "dependencies": [
            "module.vpc.aws_internet_gateway.this",
            "module.vpc.aws_vpc.this",
            "module.vpc.aws_vpc_ipv4_cidr_block_association.this"
          ]
        }
      ]
    },
    {
      "module": "module.vpc",
      "mode": "managed",
      "type": "aws_internet_gateway",
      "name": "this",
      "provider": "provider[\"registry.terraform.io/hashicorp/aws\"]",
      "instances": [
        {
          "index_key": 0,
          "schema_version": 0,
          "attributes": {
            "arn": "arn:aws:ec2:ap-southeast-2:166963536078:internet-gateway/igw-07bed7301f44995a4",
            "id": "igw-07bed7301f44995a4",
            "owner_id": "166963536078",
            "tags": {
              "Name": "example-docker-aws",
              "owner": "blacksheepcode",
              "team": "cdk"
            },
            "tags_all": {
              "Name": "example-docker-aws",
              "owner": "blacksheepcode",
              "team": "cdk"
            },
            "timeouts": null,
            "vpc_id": "vpc-0122661467d59c228"
          },
          "sensitive_attributes": [],
          "private": "eyJlMmJmYjczMC1lY2FhLTExZTYtOGY4OC0zNDM2M2JjN2M0YzAiOnsiY3JlYXRlIjoxMjAwMDAwMDAwMDAwLCJkZWxldGUiOjEyMDAwMDAwMDAwMDAsInVwZGF0ZSI6MTIwMDAwMDAwMDAwMH19",
          "dependencies": [
            "module.vpc.aws_vpc.this",
            "module.vpc.aws_vpc_ipv4_cidr_block_association.this"
          ]
        }
      ]
    },
    {
      "module": "module.vpc",
      "mode": "managed",
      "type": "aws_nat_gateway",
      "name": "this",
      "provider": "provider[\"registry.terraform.io/hashicorp/aws\"]",
      "instances": [
        {
          "index_key": 0,
          "schema_version": 0,
          "attributes": {
            "allocation_id": "eipalloc-04d82bd7e668115ff",
            "association_id": "eipassoc-07ce466ac7c8957de",
            "connectivity_type": "public",
            "id": "nat-035c23459b3b38f8b",
            "network_interface_id": "eni-06172a309f7f2c74c",
            "private_ip": "10.0.101.134",
            "public_ip": "13.54.84.60",
            "secondary_allocation_ids": [],
            "secondary_private_ip_address_count": 0,
            "secondary_private_ip_addresses": [],
            "subnet_id": "subnet-0ac4ecea8b57a2bb8",
            "tags": {
              "Name": "example-docker-aws-ap-southeast-2a",
              "owner": "blacksheepcode",
              "team": "cdk"
            },
            "tags_all": {
              "Name": "example-docker-aws-ap-southeast-2a",
              "owner": "blacksheepcode",
              "team": "cdk"
            },
            "timeouts": null
          },
          "sensitive_attributes": [],
          "private": "eyJlMmJmYjczMC1lY2FhLTExZTYtOGY4OC0zNDM2M2JjN2M0YzAiOnsiY3JlYXRlIjo2MDAwMDAwMDAwMDAsImRlbGV0ZSI6MTgwMDAwMDAwMDAwMCwidXBkYXRlIjo2MDAwMDAwMDAwMDB9fQ==",
          "dependencies": [
            "module.vpc.aws_eip.nat",
            "module.vpc.aws_internet_gateway.this",
            "module.vpc.aws_subnet.public",
            "module.vpc.aws_vpc.this",
            "module.vpc.aws_vpc_ipv4_cidr_block_association.this"
          ]
        }
      ]
    },
    {
      "module": "module.vpc",
      "mode": "managed",
      "type": "aws_route",
      "name": "private_nat_gateway",
      "provider": "provider[\"registry.terraform.io/hashicorp/aws\"]",
      "instances": [
        {
          "index_key": 0,
          "schema_version": 0,
          "attributes": {
            "carrier_gateway_id": "",
            "core_network_arn": "",
            "destination_cidr_block": "0.0.0.0/0",
            "destination_ipv6_cidr_block": "",
            "destination_prefix_list_id": "",
            "egress_only_gateway_id": "",
            "gateway_id": "",
            "id": "r-rtb-06f07b5a449490f831080289494",
            "instance_id": "",
            "instance_owner_id": "",
            "local_gateway_id": "",
            "nat_gateway_id": "nat-035c23459b3b38f8b",
            "network_interface_id": "",
            "origin": "CreateRoute",
            "route_table_id": "rtb-06f07b5a449490f83",
            "state": "active",
            "timeouts": {
              "create": "5m",
              "delete": null,
              "update": null
            },
            "transit_gateway_id": "",
            "vpc_endpoint_id": "",
            "vpc_peering_connection_id": ""
          },
          "sensitive_attributes": [],
          "private": "eyJlMmJmYjczMC1lY2FhLTExZTYtOGY4OC0zNDM2M2JjN2M0YzAiOnsiY3JlYXRlIjozMDAwMDAwMDAwMDAsImRlbGV0ZSI6MzAwMDAwMDAwMDAwLCJ1cGRhdGUiOjEyMDAwMDAwMDAwMH19",
          "dependencies": [
            "module.vpc.aws_eip.nat",
            "module.vpc.aws_internet_gateway.this",
            "module.vpc.aws_nat_gateway.this",
            "module.vpc.aws_route_table.private",
            "module.vpc.aws_subnet.public",
            "module.vpc.aws_vpc.this",
            "module.vpc.aws_vpc_ipv4_cidr_block_association.this"
          ]
        }
      ]
    },
    {
      "module": "module.vpc",
      "mode": "managed",
      "type": "aws_route",
      "name": "public_internet_gateway",
      "provider": "provider[\"registry.terraform.io/hashicorp/aws\"]",
      "instances": [
        {
          "index_key": 0,
          "schema_version": 0,
          "attributes": {
            "carrier_gateway_id": "",
            "core_network_arn": "",
            "destination_cidr_block": "0.0.0.0/0",
            "destination_ipv6_cidr_block": "",
            "destination_prefix_list_id": "",
            "egress_only_gateway_id": "",
            "gateway_id": "igw-07bed7301f44995a4",
            "id": "r-rtb-0d5d34a2a1e620d1b1080289494",
            "instance_id": "",
            "instance_owner_id": "",
            "local_gateway_id": "",
            "nat_gateway_id": "",
            "network_interface_id": "",
            "origin": "CreateRoute",
            "route_table_id": "rtb-0d5d34a2a1e620d1b",
            "state": "active",
            "timeouts": {
              "create": "5m",
              "delete": null,
              "update": null
            },
            "transit_gateway_id": "",
            "vpc_endpoint_id": "",
            "vpc_peering_connection_id": ""
          },
          "sensitive_attributes": [],
          "private": "eyJlMmJmYjczMC1lY2FhLTExZTYtOGY4OC0zNDM2M2JjN2M0YzAiOnsiY3JlYXRlIjozMDAwMDAwMDAwMDAsImRlbGV0ZSI6MzAwMDAwMDAwMDAwLCJ1cGRhdGUiOjEyMDAwMDAwMDAwMH19",
          "dependencies": [
            "module.vpc.aws_internet_gateway.this",
            "module.vpc.aws_route_table.public",
            "module.vpc.aws_vpc.this",
            "module.vpc.aws_vpc_ipv4_cidr_block_association.this"
          ]
        }
      ]
    },
    {
      "module": "module.vpc",
      "mode": "managed",
      "type": "aws_route_table",
      "name": "private",
      "provider": "provider[\"registry.terraform.io/hashicorp/aws\"]",
      "instances": [
        {
          "index_key": 0,
          "schema_version": 0,
          "attributes": {
            "arn": "arn:aws:ec2:ap-southeast-2:166963536078:route-table/rtb-06f07b5a449490f83",
            "id": "rtb-06f07b5a449490f83",
            "owner_id": "166963536078",
            "propagating_vgws": [],
            "route": [
              {
                "carrier_gateway_id": "",
                "cidr_block": "0.0.0.0/0",
                "core_network_arn": "",
                "destination_prefix_list_id": "",
                "egress_only_gateway_id": "",
                "gateway_id": "",
                "ipv6_cidr_block": "",
                "local_gateway_id": "",
                "nat_gateway_id": "nat-035c23459b3b38f8b",
                "network_interface_id": "",
                "transit_gateway_id": "",
                "vpc_endpoint_id": "",
                "vpc_peering_connection_id": ""
              }
            ],
            "tags": {
              "Name": "example-docker-aws-private",
              "owner": "blacksheepcode",
              "team": "cdk"
            },
            "tags_all": {
              "Name": "example-docker-aws-private",
              "owner": "blacksheepcode",
              "team": "cdk"
            },
            "timeouts": null,
            "vpc_id": "vpc-0122661467d59c228"
          },
          "sensitive_attributes": [],
          "private": "eyJlMmJmYjczMC1lY2FhLTExZTYtOGY4OC0zNDM2M2JjN2M0YzAiOnsiY3JlYXRlIjozMDAwMDAwMDAwMDAsImRlbGV0ZSI6MzAwMDAwMDAwMDAwLCJ1cGRhdGUiOjEyMDAwMDAwMDAwMH19",
          "dependencies": [
            "module.vpc.aws_vpc.this",
            "module.vpc.aws_vpc_ipv4_cidr_block_association.this"
          ]
        }
      ]
    },
    {
      "module": "module.vpc",
      "mode": "managed",
      "type": "aws_route_table",
      "name": "public",
      "provider": "provider[\"registry.terraform.io/hashicorp/aws\"]",
      "instances": [
        {
          "index_key": 0,
          "schema_version": 0,
          "attributes": {
            "arn": "arn:aws:ec2:ap-southeast-2:166963536078:route-table/rtb-0d5d34a2a1e620d1b",
            "id": "rtb-0d5d34a2a1e620d1b",
            "owner_id": "166963536078",
            "propagating_vgws": [],
            "route": [
              {
                "carrier_gateway_id": "",
                "cidr_block": "0.0.0.0/0",
                "core_network_arn": "",
                "destination_prefix_list_id": "",
                "egress_only_gateway_id": "",
                "gateway_id": "igw-07bed7301f44995a4",
                "ipv6_cidr_block": "",
                "local_gateway_id": "",
                "nat_gateway_id": "",
                "network_interface_id": "",
                "transit_gateway_id": "",
                "vpc_endpoint_id": "",
                "vpc_peering_connection_id": ""
              }
            ],
            "tags": {
              "Name": "example-docker-aws-public",
              "owner": "blacksheepcode",
              "team": "cdk"
            },
            "tags_all": {
              "Name": "example-docker-aws-public",
              "owner": "blacksheepcode",
              "team": "cdk"
            },
            "timeouts": null,
            "vpc_id": "vpc-0122661467d59c228"
          },
          "sensitive_attributes": [],
          "private": "eyJlMmJmYjczMC1lY2FhLTExZTYtOGY4OC0zNDM2M2JjN2M0YzAiOnsiY3JlYXRlIjozMDAwMDAwMDAwMDAsImRlbGV0ZSI6MzAwMDAwMDAwMDAwLCJ1cGRhdGUiOjEyMDAwMDAwMDAwMH19",
          "dependencies": [
            "module.vpc.aws_vpc.this",
            "module.vpc.aws_vpc_ipv4_cidr_block_association.this"
          ]
        }
      ]
    },
    {
      "module": "module.vpc",
      "mode": "managed",
      "type": "aws_route_table_association",
      "name": "database",
      "provider": "provider[\"registry.terraform.io/hashicorp/aws\"]",
      "instances": [
        {
          "index_key": 0,
          "schema_version": 0,
          "attributes": {
            "gateway_id": "",
            "id": "rtbassoc-0567f7182b2f9f0ba",
            "route_table_id": "rtb-06f07b5a449490f83",
            "subnet_id": "subnet-01f221cd23668a85a",
            "timeouts": null
          },
          "sensitive_attributes": [],
          "private": "eyJlMmJmYjczMC1lY2FhLTExZTYtOGY4OC0zNDM2M2JjN2M0YzAiOnsiY3JlYXRlIjozMDAwMDAwMDAwMDAsImRlbGV0ZSI6MzAwMDAwMDAwMDAwLCJ1cGRhdGUiOjEyMDAwMDAwMDAwMH19",
          "dependencies": [
            "module.vpc.aws_route_table.database",
            "module.vpc.aws_route_table.private",
            "module.vpc.aws_subnet.database",
            "module.vpc.aws_vpc.this",
            "module.vpc.aws_vpc_ipv4_cidr_block_association.this"
          ]
        },
        {
          "index_key": 1,
          "schema_version": 0,
          "attributes": {
            "gateway_id": "",
            "id": "rtbassoc-0c2ef45c9ece525ce",
            "route_table_id": "rtb-06f07b5a449490f83",
            "subnet_id": "subnet-0a522e6a46cd6c954",
            "timeouts": null
          },
          "sensitive_attributes": [],
          "private": "eyJlMmJmYjczMC1lY2FhLTExZTYtOGY4OC0zNDM2M2JjN2M0YzAiOnsiY3JlYXRlIjozMDAwMDAwMDAwMDAsImRlbGV0ZSI6MzAwMDAwMDAwMDAwLCJ1cGRhdGUiOjEyMDAwMDAwMDAwMH19",
          "dependencies": [
            "module.vpc.aws_route_table.database",
            "module.vpc.aws_route_table.private",
            "module.vpc.aws_subnet.database",
            "module.vpc.aws_vpc.this",
            "module.vpc.aws_vpc_ipv4_cidr_block_association.this"
          ]
        },
        {
          "index_key": 2,
          "schema_version": 0,
          "attributes": {
            "gateway_id": "",
            "id": "rtbassoc-01dd60df6943f74ce",
            "route_table_id": "rtb-06f07b5a449490f83",
            "subnet_id": "subnet-0951deb4665d4f4bd",
            "timeouts": null
          },
          "sensitive_attributes": [],
          "private": "eyJlMmJmYjczMC1lY2FhLTExZTYtOGY4OC0zNDM2M2JjN2M0YzAiOnsiY3JlYXRlIjozMDAwMDAwMDAwMDAsImRlbGV0ZSI6MzAwMDAwMDAwMDAwLCJ1cGRhdGUiOjEyMDAwMDAwMDAwMH19",
          "dependencies": [
            "module.vpc.aws_route_table.database",
            "module.vpc.aws_route_table.private",
            "module.vpc.aws_subnet.database",
            "module.vpc.aws_vpc.this",
            "module.vpc.aws_vpc_ipv4_cidr_block_association.this"
          ]
        }
      ]
    },
    {
      "module": "module.vpc",
      "mode": "managed",
      "type": "aws_route_table_association",
      "name": "private",
      "provider": "provider[\"registry.terraform.io/hashicorp/aws\"]",
      "instances": [
        {
          "index_key": 0,
          "schema_version": 0,
          "attributes": {
            "gateway_id": "",
            "id": "rtbassoc-0ba5973d971428a48",
            "route_table_id": "rtb-06f07b5a449490f83",
            "subnet_id": "subnet-014b83eb3a9837cd6",
            "timeouts": null
          },
          "sensitive_attributes": [],
          "private": "eyJlMmJmYjczMC1lY2FhLTExZTYtOGY4OC0zNDM2M2JjN2M0YzAiOnsiY3JlYXRlIjozMDAwMDAwMDAwMDAsImRlbGV0ZSI6MzAwMDAwMDAwMDAwLCJ1cGRhdGUiOjEyMDAwMDAwMDAwMH19",
          "dependencies": [
            "module.vpc.aws_route_table.private",
            "module.vpc.aws_subnet.private",
            "module.vpc.aws_vpc.this",
            "module.vpc.aws_vpc_ipv4_cidr_block_association.this"
          ]
        },
        {
          "index_key": 1,
          "schema_version": 0,
          "attributes": {
            "gateway_id": "",
            "id": "rtbassoc-06b7c61be290ff6d8",
            "route_table_id": "rtb-06f07b5a449490f83",
            "subnet_id": "subnet-0ec3e1966cb0c445f",
            "timeouts": null
          },
          "sensitive_attributes": [],
          "private": "eyJlMmJmYjczMC1lY2FhLTExZTYtOGY4OC0zNDM2M2JjN2M0YzAiOnsiY3JlYXRlIjozMDAwMDAwMDAwMDAsImRlbGV0ZSI6MzAwMDAwMDAwMDAwLCJ1cGRhdGUiOjEyMDAwMDAwMDAwMH19",
          "dependencies": [
            "module.vpc.aws_route_table.private",
            "module.vpc.aws_subnet.private",
            "module.vpc.aws_vpc.this",
            "module.vpc.aws_vpc_ipv4_cidr_block_association.this"
          ]
        },
        {
          "index_key": 2,
          "schema_version": 0,
          "attributes": {
            "gateway_id": "",
            "id": "rtbassoc-0786d6e347a3e87a8",
            "route_table_id": "rtb-06f07b5a449490f83",
            "subnet_id": "subnet-06ff93f1624303a55",
            "timeouts": null
          },
          "sensitive_attributes": [],
          "private": "eyJlMmJmYjczMC1lY2FhLTExZTYtOGY4OC0zNDM2M2JjN2M0YzAiOnsiY3JlYXRlIjozMDAwMDAwMDAwMDAsImRlbGV0ZSI6MzAwMDAwMDAwMDAwLCJ1cGRhdGUiOjEyMDAwMDAwMDAwMH19",
          "dependencies": [
            "module.vpc.aws_route_table.private",
            "module.vpc.aws_subnet.private",
            "module.vpc.aws_vpc.this",
            "module.vpc.aws_vpc_ipv4_cidr_block_association.this"
          ]
        }
      ]
    },
    {
      "module": "module.vpc",
      "mode": "managed",
      "type": "aws_route_table_association",
      "name": "public",
      "provider": "provider[\"registry.terraform.io/hashicorp/aws\"]",
      "instances": [
        {
          "index_key": 0,
          "schema_version": 0,
          "attributes": {
            "gateway_id": "",
            "id": "rtbassoc-0233bca42dd7f6621",
            "route_table_id": "rtb-0d5d34a2a1e620d1b",
            "subnet_id": "subnet-0ac4ecea8b57a2bb8",
            "timeouts": null
          },
          "sensitive_attributes": [],
          "private": "eyJlMmJmYjczMC1lY2FhLTExZTYtOGY4OC0zNDM2M2JjN2M0YzAiOnsiY3JlYXRlIjozMDAwMDAwMDAwMDAsImRlbGV0ZSI6MzAwMDAwMDAwMDAwLCJ1cGRhdGUiOjEyMDAwMDAwMDAwMH19",
          "dependencies": [
            "module.vpc.aws_route_table.public",
            "module.vpc.aws_subnet.public",
            "module.vpc.aws_vpc.this",
            "module.vpc.aws_vpc_ipv4_cidr_block_association.this"
          ]
        },
        {
          "index_key": 1,
          "schema_version": 0,
          "attributes": {
            "gateway_id": "",
            "id": "rtbassoc-0bfb1bda48a8924a0",
            "route_table_id": "rtb-0d5d34a2a1e620d1b",
            "subnet_id": "subnet-05a4f91d2ed947b08",
            "timeouts": null
          },
          "sensitive_attributes": [],
          "private": "eyJlMmJmYjczMC1lY2FhLTExZTYtOGY4OC0zNDM2M2JjN2M0YzAiOnsiY3JlYXRlIjozMDAwMDAwMDAwMDAsImRlbGV0ZSI6MzAwMDAwMDAwMDAwLCJ1cGRhdGUiOjEyMDAwMDAwMDAwMH19",
          "dependencies": [
            "module.vpc.aws_route_table.public",
            "module.vpc.aws_subnet.public",
            "module.vpc.aws_vpc.this",
            "module.vpc.aws_vpc_ipv4_cidr_block_association.this"
          ]
        },
        {
          "index_key": 2,
          "schema_version": 0,
          "attributes": {
            "gateway_id": "",
            "id": "rtbassoc-038dac889acbe0d46",
            "route_table_id": "rtb-0d5d34a2a1e620d1b",
            "subnet_id": "subnet-01f7c88016657cacf",
            "timeouts": null
          },
          "sensitive_attributes": [],
          "private": "eyJlMmJmYjczMC1lY2FhLTExZTYtOGY4OC0zNDM2M2JjN2M0YzAiOnsiY3JlYXRlIjozMDAwMDAwMDAwMDAsImRlbGV0ZSI6MzAwMDAwMDAwMDAwLCJ1cGRhdGUiOjEyMDAwMDAwMDAwMH19",
          "dependencies": [
            "module.vpc.aws_route_table.public",
            "module.vpc.aws_subnet.public",
            "module.vpc.aws_vpc.this",
            "module.vpc.aws_vpc_ipv4_cidr_block_association.this"
          ]
        }
      ]
    },
    {
      "module": "module.vpc",
      "mode": "managed",
      "type": "aws_subnet",
      "name": "database",
      "provider": "provider[\"registry.terraform.io/hashicorp/aws\"]",
      "instances": [
        {
          "index_key": 0,
          "schema_version": 1,
          "attributes": {
            "arn": "arn:aws:ec2:ap-southeast-2:166963536078:subnet/subnet-01f221cd23668a85a",
            "assign_ipv6_address_on_creation": false,
            "availability_zone": "ap-southeast-2a",
            "availability_zone_id": "apse2-az1",
            "cidr_block": "10.0.201.0/24",
            "customer_owned_ipv4_pool": "",
            "enable_dns64": false,
            "enable_lni_at_device_index": 0,
            "enable_resource_name_dns_a_record_on_launch": false,
            "enable_resource_name_dns_aaaa_record_on_launch": false,
            "id": "subnet-01f221cd23668a85a",
            "ipv6_cidr_block": "",
            "ipv6_cidr_block_association_id": "",
            "ipv6_native": false,
            "map_customer_owned_ip_on_launch": false,
            "map_public_ip_on_launch": false,
            "outpost_arn": "",
            "owner_id": "166963536078",
            "private_dns_hostname_type_on_launch": "ip-name",
            "tags": {
              "Name": "example-docker-aws-db-ap-southeast-2a",
              "owner": "blacksheepcode",
              "team": "cdk"
            },
            "tags_all": {
              "Name": "example-docker-aws-db-ap-southeast-2a",
              "owner": "blacksheepcode",
              "team": "cdk"
            },
            "timeouts": null,
            "vpc_id": "vpc-0122661467d59c228"
          },
          "sensitive_attributes": [],
          "private": "eyJlMmJmYjczMC1lY2FhLTExZTYtOGY4OC0zNDM2M2JjN2M0YzAiOnsiY3JlYXRlIjo2MDAwMDAwMDAwMDAsImRlbGV0ZSI6MTIwMDAwMDAwMDAwMH0sInNjaGVtYV92ZXJzaW9uIjoiMSJ9",
          "dependencies": [
            "module.vpc.aws_vpc.this",
            "module.vpc.aws_vpc_ipv4_cidr_block_association.this"
          ]
        },
        {
          "index_key": 1,
          "schema_version": 1,
          "attributes": {
            "arn": "arn:aws:ec2:ap-southeast-2:166963536078:subnet/subnet-0a522e6a46cd6c954",
            "assign_ipv6_address_on_creation": false,
            "availability_zone": "ap-southeast-2b",
            "availability_zone_id": "apse2-az3",
            "cidr_block": "10.0.202.0/24",
            "customer_owned_ipv4_pool": "",
            "enable_dns64": false,
            "enable_lni_at_device_index": 0,
            "enable_resource_name_dns_a_record_on_launch": false,
            "enable_resource_name_dns_aaaa_record_on_launch": false,
            "id": "subnet-0a522e6a46cd6c954",
            "ipv6_cidr_block": "",
            "ipv6_cidr_block_association_id": "",
            "ipv6_native": false,
            "map_customer_owned_ip_on_launch": false,
            "map_public_ip_on_launch": false,
            "outpost_arn": "",
            "owner_id": "166963536078",
            "private_dns_hostname_type_on_launch": "ip-name",
            "tags": {
              "Name": "example-docker-aws-db-ap-southeast-2b",
              "owner": "blacksheepcode",
              "team": "cdk"
            },
            "tags_all": {
              "Name": "example-docker-aws-db-ap-southeast-2b",
              "owner": "blacksheepcode",
              "team": "cdk"
            },
            "timeouts": null,
            "vpc_id": "vpc-0122661467d59c228"
          },
          "sensitive_attributes": [],
          "private": "eyJlMmJmYjczMC1lY2FhLTExZTYtOGY4OC0zNDM2M2JjN2M0YzAiOnsiY3JlYXRlIjo2MDAwMDAwMDAwMDAsImRlbGV0ZSI6MTIwMDAwMDAwMDAwMH0sInNjaGVtYV92ZXJzaW9uIjoiMSJ9",
          "dependencies": [
            "module.vpc.aws_vpc.this",
            "module.vpc.aws_vpc_ipv4_cidr_block_association.this"
          ]
        },
        {
          "index_key": 2,
          "schema_version": 1,
          "attributes": {
            "arn": "arn:aws:ec2:ap-southeast-2:166963536078:subnet/subnet-0951deb4665d4f4bd",
            "assign_ipv6_address_on_creation": false,
            "availability_zone": "ap-southeast-2c",
            "availability_zone_id": "apse2-az2",
            "cidr_block": "10.0.203.0/24",
            "customer_owned_ipv4_pool": "",
            "enable_dns64": false,
            "enable_lni_at_device_index": 0,
            "enable_resource_name_dns_a_record_on_launch": false,
            "enable_resource_name_dns_aaaa_record_on_launch": false,
            "id": "subnet-0951deb4665d4f4bd",
            "ipv6_cidr_block": "",
            "ipv6_cidr_block_association_id": "",
            "ipv6_native": false,
            "map_customer_owned_ip_on_launch": false,
            "map_public_ip_on_launch": false,
            "outpost_arn": "",
            "owner_id": "166963536078",
            "private_dns_hostname_type_on_launch": "ip-name",
            "tags": {
              "Name": "example-docker-aws-db-ap-southeast-2c",
              "owner": "blacksheepcode",
              "team": "cdk"
            },
            "tags_all": {
              "Name": "example-docker-aws-db-ap-southeast-2c",
              "owner": "blacksheepcode",
              "team": "cdk"
            },
            "timeouts": null,
            "vpc_id": "vpc-0122661467d59c228"
          },
          "sensitive_attributes": [],
          "private": "eyJlMmJmYjczMC1lY2FhLTExZTYtOGY4OC0zNDM2M2JjN2M0YzAiOnsiY3JlYXRlIjo2MDAwMDAwMDAwMDAsImRlbGV0ZSI6MTIwMDAwMDAwMDAwMH0sInNjaGVtYV92ZXJzaW9uIjoiMSJ9",
          "dependencies": [
            "module.vpc.aws_vpc.this",
            "module.vpc.aws_vpc_ipv4_cidr_block_association.this"
          ]
        }
      ]
    },
    {
      "module": "module.vpc",
      "mode": "managed",
      "type": "aws_subnet",
      "name": "private",
      "provider": "provider[\"registry.terraform.io/hashicorp/aws\"]",
      "instances": [
        {
          "index_key": 0,
          "schema_version": 1,
          "attributes": {
            "arn": "arn:aws:ec2:ap-southeast-2:166963536078:subnet/subnet-014b83eb3a9837cd6",
            "assign_ipv6_address_on_creation": false,
            "availability_zone": "ap-southeast-2a",
            "availability_zone_id": "apse2-az1",
            "cidr_block": "10.0.1.0/24",
            "customer_owned_ipv4_pool": "",
            "enable_dns64": false,
            "enable_lni_at_device_index": 0,
            "enable_resource_name_dns_a_record_on_launch": false,
            "enable_resource_name_dns_aaaa_record_on_launch": false,
            "id": "subnet-014b83eb3a9837cd6",
            "ipv6_cidr_block": "",
            "ipv6_cidr_block_association_id": "",
            "ipv6_native": false,
            "map_customer_owned_ip_on_launch": false,
            "map_public_ip_on_launch": false,
            "outpost_arn": "",
            "owner_id": "166963536078",
            "private_dns_hostname_type_on_launch": "ip-name",
            "tags": {
              "Name": "example-docker-aws-private-ap-southeast-2a",
              "owner": "blacksheepcode",
              "team": "cdk"
            },
            "tags_all": {
              "Name": "example-docker-aws-private-ap-southeast-2a",
              "owner": "blacksheepcode",
              "team": "cdk"
            },
            "timeouts": null,
            "vpc_id": "vpc-0122661467d59c228"
          },
          "sensitive_attributes": [],
          "private": "eyJlMmJmYjczMC1lY2FhLTExZTYtOGY4OC0zNDM2M2JjN2M0YzAiOnsiY3JlYXRlIjo2MDAwMDAwMDAwMDAsImRlbGV0ZSI6MTIwMDAwMDAwMDAwMH0sInNjaGVtYV92ZXJzaW9uIjoiMSJ9",
          "dependencies": [
            "module.vpc.aws_vpc.this",
            "module.vpc.aws_vpc_ipv4_cidr_block_association.this"
          ]
        },
        {
          "index_key": 1,
          "schema_version": 1,
          "attributes": {
            "arn": "arn:aws:ec2:ap-southeast-2:166963536078:subnet/subnet-0ec3e1966cb0c445f",
            "assign_ipv6_address_on_creation": false,
            "availability_zone": "ap-southeast-2b",
            "availability_zone_id": "apse2-az3",
            "cidr_block": "10.0.2.0/24",
            "customer_owned_ipv4_pool": "",
            "enable_dns64": false,
            "enable_lni_at_device_index": 0,
            "enable_resource_name_dns_a_record_on_launch": false,
            "enable_resource_name_dns_aaaa_record_on_launch": false,
            "id": "subnet-0ec3e1966cb0c445f",
            "ipv6_cidr_block": "",
            "ipv6_cidr_block_association_id": "",
            "ipv6_native": false,
            "map_customer_owned_ip_on_launch": false,
            "map_public_ip_on_launch": false,
            "outpost_arn": "",
            "owner_id": "166963536078",
            "private_dns_hostname_type_on_launch": "ip-name",
            "tags": {
              "Name": "example-docker-aws-private-ap-southeast-2b",
              "owner": "blacksheepcode",
              "team": "cdk"
            },
            "tags_all": {
              "Name": "example-docker-aws-private-ap-southeast-2b",
              "owner": "blacksheepcode",
              "team": "cdk"
            },
            "timeouts": null,
            "vpc_id": "vpc-0122661467d59c228"
          },
          "sensitive_attributes": [],
          "private": "eyJlMmJmYjczMC1lY2FhLTExZTYtOGY4OC0zNDM2M2JjN2M0YzAiOnsiY3JlYXRlIjo2MDAwMDAwMDAwMDAsImRlbGV0ZSI6MTIwMDAwMDAwMDAwMH0sInNjaGVtYV92ZXJzaW9uIjoiMSJ9",
          "dependencies": [
            "module.vpc.aws_vpc.this",
            "module.vpc.aws_vpc_ipv4_cidr_block_association.this"
          ]
        },
        {
          "index_key": 2,
          "schema_version": 1,
          "attributes": {
            "arn": "arn:aws:ec2:ap-southeast-2:166963536078:subnet/subnet-06ff93f1624303a55",
            "assign_ipv6_address_on_creation": false,
            "availability_zone": "ap-southeast-2c",
            "availability_zone_id": "apse2-az2",
            "cidr_block": "10.0.3.0/24",
            "customer_owned_ipv4_pool": "",
            "enable_dns64": false,
            "enable_lni_at_device_index": 0,
            "enable_resource_name_dns_a_record_on_launch": false,
            "enable_resource_name_dns_aaaa_record_on_launch": false,
            "id": "subnet-06ff93f1624303a55",
            "ipv6_cidr_block": "",
            "ipv6_cidr_block_association_id": "",
            "ipv6_native": false,
            "map_customer_owned_ip_on_launch": false,
            "map_public_ip_on_launch": false,
            "outpost_arn": "",
            "owner_id": "166963536078",
            "private_dns_hostname_type_on_launch": "ip-name",
            "tags": {
              "Name": "example-docker-aws-private-ap-southeast-2c",
              "owner": "blacksheepcode",
              "team": "cdk"
            },
            "tags_all": {
              "Name": "example-docker-aws-private-ap-southeast-2c",
              "owner": "blacksheepcode",
              "team": "cdk"
            },
            "timeouts": null,
            "vpc_id": "vpc-0122661467d59c228"
          },
          "sensitive_attributes": [],
          "private": "eyJlMmJmYjczMC1lY2FhLTExZTYtOGY4OC0zNDM2M2JjN2M0YzAiOnsiY3JlYXRlIjo2MDAwMDAwMDAwMDAsImRlbGV0ZSI6MTIwMDAwMDAwMDAwMH0sInNjaGVtYV92ZXJzaW9uIjoiMSJ9",
          "dependencies": [
            "module.vpc.aws_vpc.this",
            "module.vpc.aws_vpc_ipv4_cidr_block_association.this"
          ]
        }
      ]
    },
    {
      "module": "module.vpc",
      "mode": "managed",
      "type": "aws_subnet",
      "name": "public",
      "provider": "provider[\"registry.terraform.io/hashicorp/aws\"]",
      "instances": [
        {
          "index_key": 0,
          "schema_version": 1,
          "attributes": {
            "arn": "arn:aws:ec2:ap-southeast-2:166963536078:subnet/subnet-0ac4ecea8b57a2bb8",
            "assign_ipv6_address_on_creation": false,
            "availability_zone": "ap-southeast-2a",
            "availability_zone_id": "apse2-az1",
            "cidr_block": "10.0.101.0/24",
            "customer_owned_ipv4_pool": "",
            "enable_dns64": false,
            "enable_lni_at_device_index": 0,
            "enable_resource_name_dns_a_record_on_launch": false,
            "enable_resource_name_dns_aaaa_record_on_launch": false,
            "id": "subnet-0ac4ecea8b57a2bb8",
            "ipv6_cidr_block": "",
            "ipv6_cidr_block_association_id": "",
            "ipv6_native": false,
            "map_customer_owned_ip_on_launch": false,
            "map_public_ip_on_launch": false,
            "outpost_arn": "",
            "owner_id": "166963536078",
            "private_dns_hostname_type_on_launch": "ip-name",
            "tags": {
              "Name": "example-docker-aws-public-ap-southeast-2a",
              "owner": "blacksheepcode",
              "team": "cdk"
            },
            "tags_all": {
              "Name": "example-docker-aws-public-ap-southeast-2a",
              "owner": "blacksheepcode",
              "team": "cdk"
            },
            "timeouts": null,
            "vpc_id": "vpc-0122661467d59c228"
          },
          "sensitive_attributes": [],
          "private": "eyJlMmJmYjczMC1lY2FhLTExZTYtOGY4OC0zNDM2M2JjN2M0YzAiOnsiY3JlYXRlIjo2MDAwMDAwMDAwMDAsImRlbGV0ZSI6MTIwMDAwMDAwMDAwMH0sInNjaGVtYV92ZXJzaW9uIjoiMSJ9",
          "dependencies": [
            "module.vpc.aws_vpc.this",
            "module.vpc.aws_vpc_ipv4_cidr_block_association.this"
          ]
        },
        {
          "index_key": 1,
          "schema_version": 1,
          "attributes": {
            "arn": "arn:aws:ec2:ap-southeast-2:166963536078:subnet/subnet-05a4f91d2ed947b08",
            "assign_ipv6_address_on_creation": false,
            "availability_zone": "ap-southeast-2b",
            "availability_zone_id": "apse2-az3",
            "cidr_block": "10.0.102.0/24",
            "customer_owned_ipv4_pool": "",
            "enable_dns64": false,
            "enable_lni_at_device_index": 0,
            "enable_resource_name_dns_a_record_on_launch": false,
            "enable_resource_name_dns_aaaa_record_on_launch": false,
            "id": "subnet-05a4f91d2ed947b08",
            "ipv6_cidr_block": "",
            "ipv6_cidr_block_association_id": "",
            "ipv6_native": false,
            "map_customer_owned_ip_on_launch": false,
            "map_public_ip_on_launch": false,
            "outpost_arn": "",
            "owner_id": "166963536078",
            "private_dns_hostname_type_on_launch": "ip-name",
            "tags": {
              "Name": "example-docker-aws-public-ap-southeast-2b",
              "owner": "blacksheepcode",
              "team": "cdk"
            },
            "tags_all": {
              "Name": "example-docker-aws-public-ap-southeast-2b",
              "owner": "blacksheepcode",
              "team": "cdk"
            },
            "timeouts": null,
            "vpc_id": "vpc-0122661467d59c228"
          },
          "sensitive_attributes": [],
          "private": "eyJlMmJmYjczMC1lY2FhLTExZTYtOGY4OC0zNDM2M2JjN2M0YzAiOnsiY3JlYXRlIjo2MDAwMDAwMDAwMDAsImRlbGV0ZSI6MTIwMDAwMDAwMDAwMH0sInNjaGVtYV92ZXJzaW9uIjoiMSJ9",
          "dependencies": [
            "module.vpc.aws_vpc.this",
            "module.vpc.aws_vpc_ipv4_cidr_block_association.this"
          ]
        },
        {
          "index_key": 2,
          "schema_version": 1,
          "attributes": {
            "arn": "arn:aws:ec2:ap-southeast-2:166963536078:subnet/subnet-01f7c88016657cacf",
            "assign_ipv6_address_on_creation": false,
            "availability_zone": "ap-southeast-2c",
            "availability_zone_id": "apse2-az2",
            "cidr_block": "10.0.103.0/24",
            "customer_owned_ipv4_pool": "",
            "enable_dns64": false,
            "enable_lni_at_device_index": 0,
            "enable_resource_name_dns_a_record_on_launch": false,
            "enable_resource_name_dns_aaaa_record_on_launch": false,
            "id": "subnet-01f7c88016657cacf",
            "ipv6_cidr_block": "",
            "ipv6_cidr_block_association_id": "",
            "ipv6_native": false,
            "map_customer_owned_ip_on_launch": false,
            "map_public_ip_on_launch": false,
            "outpost_arn": "",
            "owner_id": "166963536078",
            "private_dns_hostname_type_on_launch": "ip-name",
            "tags": {
              "Name": "example-docker-aws-public-ap-southeast-2c",
              "owner": "blacksheepcode",
              "team": "cdk"
            },
            "tags_all": {
              "Name": "example-docker-aws-public-ap-southeast-2c",
              "owner": "blacksheepcode",
              "team": "cdk"
            },
            "timeouts": null,
            "vpc_id": "vpc-0122661467d59c228"
          },
          "sensitive_attributes": [],
          "private": "eyJlMmJmYjczMC1lY2FhLTExZTYtOGY4OC0zNDM2M2JjN2M0YzAiOnsiY3JlYXRlIjo2MDAwMDAwMDAwMDAsImRlbGV0ZSI6MTIwMDAwMDAwMDAwMH0sInNjaGVtYV92ZXJzaW9uIjoiMSJ9",
          "dependencies": [
            "module.vpc.aws_vpc.this",
            "module.vpc.aws_vpc_ipv4_cidr_block_association.this"
          ]
        }
      ]
    },
    {
      "module": "module.vpc",
      "mode": "managed",
      "type": "aws_vpc",
      "name": "this",
      "provider": "provider[\"registry.terraform.io/hashicorp/aws\"]",
      "instances": [
        {
          "index_key": 0,
          "schema_version": 1,
          "attributes": {
            "arn": "arn:aws:ec2:ap-southeast-2:166963536078:vpc/vpc-0122661467d59c228",
            "assign_generated_ipv6_cidr_block": false,
            "cidr_block": "10.0.0.0/16",
            "default_network_acl_id": "acl-012a8027fc9dca3d1",
            "default_route_table_id": "rtb-080dd84efe8185230",
            "default_security_group_id": "sg-06711eb7448d3ee44",
            "dhcp_options_id": "dopt-059a46a1e64dce19f",
            "enable_dns_hostnames": true,
            "enable_dns_support": true,
            "enable_network_address_usage_metrics": false,
            "id": "vpc-0122661467d59c228",
            "instance_tenancy": "default",
            "ipv4_ipam_pool_id": null,
            "ipv4_netmask_length": null,
            "ipv6_association_id": "",
            "ipv6_cidr_block": "",
            "ipv6_cidr_block_network_border_group": "",
            "ipv6_ipam_pool_id": "",
            "ipv6_netmask_length": 0,
            "main_route_table_id": "rtb-080dd84efe8185230",
            "owner_id": "166963536078",
            "tags": {
              "Name": "example-docker-aws",
              "owner": "blacksheepcode",
              "team": "cdk"
            },
            "tags_all": {
              "Name": "example-docker-aws",
              "owner": "blacksheepcode",
              "team": "cdk"
            }
          },
          "sensitive_attributes": [],
          "private": "eyJzY2hlbWFfdmVyc2lvbiI6IjEifQ=="
        }
      ]
    }
  ],
  "check_results": null
}
